// !$*UTF8*$!
{
	archiveVersion = 1;
	classes = {
	};
	objectVersion = 50;
	objects = {

/* Begin PBXBuildFile section */
		3AC46FD523F3F30900269ADA /* AppDelegate.swift in Sources */ = {isa = PBXBuildFile; fileRef = 3AC46FD423F3F30900269ADA /* AppDelegate.swift */; };
		3AC46FD723F3F30900269ADA /* SceneDelegate.swift in Sources */ = {isa = PBXBuildFile; fileRef = 3AC46FD623F3F30900269ADA /* SceneDelegate.swift */; };
		3AC46FD923F3F30900269ADA /* ViewController.swift in Sources */ = {isa = PBXBuildFile; fileRef = 3AC46FD823F3F30900269ADA /* ViewController.swift */; };
		3AC46FDC23F3F30900269ADA /* Main.storyboard in Resources */ = {isa = PBXBuildFile; fileRef = 3AC46FDA23F3F30900269ADA /* Main.storyboard */; };
		3AC46FDE23F3F30C00269ADA /* Assets.xcassets in Resources */ = {isa = PBXBuildFile; fileRef = 3AC46FDD23F3F30C00269ADA /* Assets.xcassets */; };
		3AC46FE123F3F30C00269ADA /* LaunchScreen.storyboard in Resources */ = {isa = PBXBuildFile; fileRef = 3AC46FDF23F3F30C00269ADA /* LaunchScreen.storyboard */; };
		3AC46FE923F3F72200269ADA /* addMemoViewController.swift in Sources */ = {isa = PBXBuildFile; fileRef = 3AC46FE823F3F72200269ADA /* addMemoViewController.swift */; };
		3AC46FEB23F3F73400269ADA /* memoViewController.swift in Sources */ = {isa = PBXBuildFile; fileRef = 3AC46FEA23F3F73400269ADA /* memoViewController.swift */; };
/* End PBXBuildFile section */

/* Begin PBXFileReference section */
		3AC46FD123F3F30900269ADA /* MemoApp.app */ = {isa = PBXFileReference; explicitFileType = wrapper.application; includeInIndex = 0; path = MemoApp.app; sourceTree = BUILT_PRODUCTS_DIR; };
		3AC46FD423F3F30900269ADA /* AppDelegate.swift */ = {isa = PBXFileReference; lastKnownFileType = sourcecode.swift; path = AppDelegate.swift; sourceTree = "<group>"; };
		3AC46FD623F3F30900269ADA /* SceneDelegate.swift */ = {isa = PBXFileReference; lastKnownFileType = sourcecode.swift; path = SceneDelegate.swift; sourceTree = "<group>"; };
		3AC46FD823F3F30900269ADA /* ViewController.swift */ = {isa = PBXFileReference; lastKnownFileType = sourcecode.swift; path = ViewController.swift; sourceTree = "<group>"; };
		3AC46FDB23F3F30900269ADA /* Base */ = {isa = PBXFileReference; lastKnownFileType = file.storyboard; name = Base; path = Base.lproj/Main.storyboard; sourceTree = "<group>"; };
		3AC46FDD23F3F30C00269ADA /* Assets.xcassets */ = {isa = PBXFileReference; lastKnownFileType = folder.assetcatalog; path = Assets.xcassets; sourceTree = "<group>"; };
		3AC46FE023F3F30C00269ADA /* Base */ = {isa = PBXFileReference; lastKnownFileType = file.storyboard; name = Base; path = Base.lproj/LaunchScreen.storyboard; sourceTree = "<group>"; };
		3AC46FE223F3F30C00269ADA /* Info.plist */ = {isa = PBXFileReference; lastKnownFileType = text.plist.xml; path = Info.plist; sourceTree = "<group>"; };
		3AC46FE823F3F72200269ADA /* addMemoViewController.swift */ = {isa = PBXFileReference; lastKnownFileType = sourcecode.swift; path = addMemoViewController.swift; sourceTree = "<group>"; };
		3AC46FEA23F3F73400269ADA /* memoViewController.swift */ = {isa = PBXFileReference; lastKnownFileType = sourcecode.swift; path = memoViewController.swift; sourceTree = "<group>"; };
		3AC46FEC23F404AA00269ADA /* README.md */ = {isa = PBXFileReference; lastKnownFileType = net.daringfireball.markdown; path = README.md; sourceTree = "<group>"; };
/* End PBXFileReference section */

/* Begin PBXFrameworksBuildPhase section */
		3AC46FCE23F3F30900269ADA /* Frameworks */ = {
			isa = PBXFrameworksBuildPhase;
			buildActionMask = 2147483647;
			files = (
			);
			runOnlyForDeploymentPostprocessing = 0;
		};
/* End PBXFrameworksBuildPhase section */

/* Begin PBXGroup section */
		3AC46FC823F3F30900269ADA = {
			isa = PBXGroup;
			children = (
				3AC46FEC23F404AA00269ADA /* README.md */,
				3AC46FD323F3F30900269ADA /* MemoApp */,
				3AC46FD223F3F30900269ADA /* Products */,
			);
			sourceTree = "<group>";
		};
		3AC46FD223F3F30900269ADA /* Products */ = {
			isa = PBXGroup;
			children = (
				3AC46FD123F3F30900269ADA /* MemoApp.app */,
			);
			name = Products;
			sourceTree = "<group>";
		};
		3AC46FD323F3F30900269ADA /* MemoApp */ = {
			isa = PBXGroup;
			children = (
				3AC46FD423F3F30900269ADA /* AppDelegate.swift */,
				3AC46FD623F3F30900269ADA /* SceneDelegate.swift */,
				3AC46FD823F3F30900269ADA /* ViewController.swift */,
				3AC46FDA23F3F30900269ADA /* Main.storyboard */,
				3AC46FE823F3F72200269ADA /* addMemoViewController.swift */,
				3AC46FEA23F3F73400269ADA /* memoViewController.swift */,
				3AC46FDD23F3F30C00269ADA /* Assets.xcassets */,
				3AC46FDF23F3F30C00269ADA /* LaunchScreen.storyboard */,
				3AC46FE223F3F30C00269ADA /* Info.plist */,
			);
			path = MemoApp;
			sourceTree = "<group>";
		};
/* End PBXGroup section */

/* Begin PBXNativeTarget section */
		3AC46FD023F3F30900269ADA /* MemoApp */ = {
			isa = PBXNativeTarget;
			buildConfigurationList = 3AC46FE523F3F30C00269ADA /* Build configuration list for PBXNativeTarget "MemoApp" */;
			buildPhases = (
				3AC46FCD23F3F30900269ADA /* Sources */,
				3AC46FCE23F3F30900269ADA /* Frameworks */,
				3AC46FCF23F3F30900269ADA /* Resources */,
			);
			buildRules = (
			);
			dependencies = (
			);
			name = MemoApp;
			productName = MemoApp;
			productReference = 3AC46FD123F3F30900269ADA /* MemoApp.app */;
			productType = "com.apple.product-type.application";
		};
/* End PBXNativeTarget section */

/* Begin PBXProject section */
		3AC46FC923F3F30900269ADA /* Project object */ = {
			isa = PBXProject;
			attributes = {
				LastSwiftUpdateCheck = 1130;
				LastUpgradeCheck = 1130;
				ORGANIZATIONNAME = "Masaki Sakai";
				TargetAttributes = {
					3AC46FD023F3F30900269ADA = {
						CreatedOnToolsVersion = 11.3.1;
					};
				};
			};
			buildConfigurationList = 3AC46FCC23F3F30900269ADA /* Build configuration list for PBXProject "MemoApp" */;
			compatibilityVersion = "Xcode 9.3";
			developmentRegion = en;
			hasScannedForEncodings = 0;
			knownRegions = (
				en,
				Base,
			);
			mainGroup = 3AC46FC823F3F30900269ADA;
			productRefGroup = 3AC46FD223F3F30900269ADA /* Products */;
			projectDirPath = "";
			projectRoot = "";
			targets = (
				3AC46FD023F3F30900269ADA /* MemoApp */,
			);
		};
/* End PBXProject section */

/* Begin PBXResourcesBuildPhase section */
		3AC46FCF23F3F30900269ADA /* Resources */ = {
			isa = PBXResourcesBuildPhase;
			buildActionMask = 2147483647;
			files = (
				3AC46FE123F3F30C00269ADA /* LaunchScreen.storyboard in Resources */,
				3AC46FDE23F3F30C00269ADA /* Assets.xcassets in Resources */,
				3AC46FDC23F3F30900269ADA /* Main.storyboard in Resources */,
			);
			runOnlyForDeploymentPostprocessing = 0;
		};
/* End PBXResourcesBuildPhase section */

/* Begin PBXSourcesBuildPhase section */
		3AC46FCD23F3F30900269ADA /* Sources */ = {
			isa = PBXSourcesBuildPhase;
			buildActionMask = 2147483647;
			files = (
				3AC46FEB23F3F73400269ADA /* memoViewController.swift in Sources */,
				3AC46FE923F3F72200269ADA /* addMemoViewController.swift in Sources */,
				3AC46FD923F3F30900269ADA /* ViewController.swift in Sources */,
				3AC46FD523F3F30900269ADA /* AppDelegate.swift in Sources */,
				3AC46FD723F3F30900269ADA /* SceneDelegate.swift in Sources */,
			);
			runOnlyForDeploymentPostprocessing = 0;
		};
/* End PBXSourcesBuildPhase section */

/* Begin PBXVariantGroup section */
		3AC46FDA23F3F30900269ADA /* Main.storyboard */ = {
			isa = PBXVariantGroup;
			children = (
				3AC46FDB23F3F30900269ADA /* Base */,
			);
			name = Main.storyboard;
			sourceTree = "<group>";
		};
		3AC46FDF23F3F30C00269ADA /* LaunchScreen.storyboard */ = {
			isa = PBXVariantGroup;
			children = (
				3AC46FE023F3F30C00269ADA /* Base */,
			);
			name = LaunchScreen.storyboard;
			sourceTree = "<group>";
		};
/* End PBXVariantGroup section */

/* Begin XCBuildConfiguration section */
		3AC46FE323F3F30C00269ADA /* Debug */ = {
			isa = XCBuildConfiguration;
			buildSettings = {
				ALWAYS_SEARCH_USER_PATHS = NO;
				CLANG_ANALYZER_NONNULL = YES;
				CLANG_ANALYZER_NUMBER_OBJECT_CONVERSION = YES_AGGRESSIVE;
				CLANG_CXX_LANGUAGE_STANDARD = "gnu++14";
				CLANG_CXX_LIBRARY = "libc++";
				CLANG_ENABLE_MODULES = YES;
				CLANG_ENABLE_OBJC_ARC = YES;
				CLANG_ENABLE_OBJC_WEAK = YES;
				CLANG_WARN_BLOCK_CAPTURE_AUTORELEASING = YES;
				CLANG_WARN_BOOL_CONVERSION = YES;
				CLANG_WARN_COMMA = YES;
				CLANG_WARN_CONSTANT_CONVERSION = YES;
				CLANG_WARN_DEPRECATED_OBJC_IMPLEMENTATIONS = YES;
				CLANG_WARN_DIRECT_OBJC_ISA_USAGE = YES_ERROR;
				CLANG_WARN_DOCUMENTATION_COMMENTS = YES;
				CLANG_WARN_EMPTY_BODY = YES;
				CLANG_WARN_ENUM_CONVERSION = YES;
				CLANG_WARN_INFINITE_RECURSION = YES;
				CLANG_WARN_INT_CONVERSION = YES;
				CLANG_WARN_NON_LITERAL_NULL_CONVERSION = YES;
				CLANG_WARN_OBJC_IMPLICIT_RETAIN_SELF = YES;
				CLANG_WARN_OBJC_LITERAL_CONVERSION = YES;
				CLANG_WARN_OBJC_ROOT_CLASS = YES_ERROR;
				CLANG_WARN_RANGE_LOOP_ANALYSIS = YES;
				CLANG_WARN_STRICT_PROTOTYPES = YES;
				CLANG_WARN_SUSPICIOUS_MOVE = YES;
				CLANG_WARN_UNGUARDED_AVAILABILITY = YES_AGGRESSIVE;
				CLANG_WARN_UNREACHABLE_CODE = YES;
				CLANG_WARN__DUPLICATE_METHOD_MATCH = YES;
				COPY_PHASE_STRIP = NO;
				DEBUG_INFORMATION_FORMAT = dwarf;
				ENABLE_STRICT_OBJC_MSGSEND = YES;
				ENABLE_TESTABILITY = YES;
				GCC_C_LANGUAGE_STANDARD = gnu11;
				GCC_DYNAMIC_NO_PIC = NO;
				GCC_NO_COMMON_BLOCKS = YES;
				GCC_OPTIMIZATION_LEVEL = 0;
				GCC_PREPROCESSOR_DEFINITIONS = (
					"DEBUG=1",
					"$(inherited)",
				);
				GCC_WARN_64_TO_32_BIT_CONVERSION = YES;
				GCC_WARN_ABOUT_RETURN_TYPE = YES_ERROR;
				GCC_WARN_UNDECLARED_SELECTOR = YES;
				GCC_WARN_UNINITIALIZED_AUTOS = YES_AGGRESSIVE;
				GCC_WARN_UNUSED_FUNCTION = YES;
				GCC_WARN_UNUSED_VARIABLE = YES;
				IPHONEOS_DEPLOYMENT_TARGET = 13.2;
				MTL_ENABLE_DEBUG_INFO = INCLUDE_SOURCE;
				MTL_FAST_MATH = YES;
				ONLY_ACTIVE_ARCH = YES;
				SDKROOT = iphoneos;
				SWIFT_ACTIVE_COMPILATION_CONDITIONS = DEBUG;
				SWIFT_OPTIMIZATION_LEVEL = "-Onone";
			};
			name = Debug;
		};
		3AC46FE423F3F30C00269ADA /* Release */ = {
			isa = XCBuildConfiguration;
			buildSettings = {
				ALWAYS_SEARCH_USER_PATHS = NO;
				CLANG_ANALYZER_NONNULL = YES;
				CLANG_ANALYZER_NUMBER_OBJECT_CONVERSION = YES_AGGRESSIVE;
				CLANG_CXX_LANGUAGE_STANDARD = "gnu++14";
				CLANG_CXX_LIBRARY = "libc++";
				CLANG_ENABLE_MODULES = YES;
				CLANG_ENABLE_OBJC_ARC = YES;
				CLANG_ENABLE_OBJC_WEAK = YES;
				CLANG_WARN_BLOCK_CAPTURE_AUTORELEASING = YES;
				CLANG_WARN_BOOL_CONVERSION = YES;
				CLANG_WARN_COMMA = YES;
				CLANG_WARN_CONSTANT_CONVERSION = YES;
				CLANG_WARN_DEPRECATED_OBJC_IMPLEMENTATIONS = YES;
				CLANG_WARN_DIRECT_OBJC_ISA_USAGE = YES_ERROR;
				CLANG_WARN_DOCUMENTATION_COMMENTS = YES;
				CLANG_WARN_EMPTY_BODY = YES;
				CLANG_WARN_ENUM_CONVERSION = YES;
				CLANG_WARN_INFINITE_RECURSION = YES;
				CLANG_WARN_INT_CONVERSION = YES;
				CLANG_WARN_NON_LITERAL_NULL_CONVERSION = YES;
				CLANG_WARN_OBJC_IMPLICIT_RETAIN_SELF = YES;
				CLANG_WARN_OBJC_LITERAL_CONVERSION = YES;
				CLANG_WARN_OBJC_ROOT_CLASS = YES_ERROR;
				CLANG_WARN_RANGE_LOOP_ANALYSIS = YES;
				CLANG_WARN_STRICT_PROTOTYPES = YES;
				CLANG_WARN_SUSPICIOUS_MOVE = YES;
				CLANG_WARN_UNGUARDED_AVAILABILITY = YES_AGGRESSIVE;
				CLANG_WARN_UNREACHABLE_CODE = YES;
				CLANG_WARN__DUPLICATE_METHOD_MATCH = YES;
				COPY_PHASE_STRIP = NO;
				DEBUG_INFORMATION_FORMAT = "dwarf-with-dsym";
				ENABLE_NS_ASSERTIONS = NO;
				ENABLE_STRICT_OBJC_MSGSEND = YES;
				GCC_C_LANGUAGE_STANDARD = gnu11;
				GCC_NO_COMMON_BLOCKS = YES;
				GCC_WARN_64_TO_32_BIT_CONVERSION = YES;
				GCC_WARN_ABOUT_RETURN_TYPE = YES_ERROR;
				GCC_WARN_UNDECLARED_SELECTOR = YES;
				GCC_WARN_UNINITIALIZED_AUTOS = YES_AGGRESSIVE;
				GCC_WARN_UNUSED_FUNCTION = YES;
				GCC_WARN_UNUSED_VARIABLE = YES;
				IPHONEOS_DEPLOYMENT_TARGET = 13.2;
				MTL_ENABLE_DEBUG_INFO = NO;
				MTL_FAST_MATH = YES;
				SDKROOT = iphoneos;
				SWIFT_COMPILATION_MODE = wholemodule;
				SWIFT_OPTIMIZATION_LEVEL = "-O";
				VALIDATE_PRODUCT = YES;
			};
			name = Release;
		};
		3AC46FE623F3F30C00269ADA /* Debug */ = {
			isa = XCBuildConfiguration;
			buildSettings = {
				ASSETCATALOG_COMPILER_APPICON_NAME = AppIcon;
				CODE_SIGN_STYLE = Automatic;
				INFOPLIST_FILE = MemoApp/Info.plist;
				LD_RUNPATH_SEARCH_PATHS = (
					"$(inherited)",
					"@executable_path/Frameworks",
				);
				PRODUCT_BUNDLE_IDENTIFIER = com.MasakiProduct.MemoApp;
				PRODUCT_NAME = "$(TARGET_NAME)";
				SWIFT_VERSION = 5.0;
				TARGETED_DEVICE_FAMILY = 1;
			};
			name = Debug;
		};
		3AC46FE723F3F30C00269ADA /* Release */ = {
			isa = XCBuildConfiguration;
			buildSettings = {
				ASSETCATALOG_COMPILER_APPICON_NAME = AppIcon;
				CODE_SIGN_STYLE = Automatic;
				INFOPLIST_FILE = MemoApp/Info.plist;
				LD_RUNPATH_SEARCH_PATHS = (
					"$(inherited)",
					"@executable_path/Frameworks",
				);
				PRODUCT_BUNDLE_IDENTIFIER = com.MasakiProduct.MemoApp;
				PRODUCT_NAME = "$(TARGET_NAME)";
				SWIFT_VERSION = 5.0;
				TARGETED_DEVICE_FAMILY = 1;
			};
			name = Release;
		};
/* End XCBuildConfiguration section */

/* Begin XCConfigurationList section */
		3AC46FCC23F3F30900269ADA /* Build configuration list for PBXProject "MemoApp" */ = {
			isa = XCConfigurationList;
			buildConfigurations = (
				3AC46FE323F3F30C00269ADA /* Debug */,
				3AC46FE423F3F30C00269ADA /* Release */,
			);
			defaultConfigurationIsVisible = 0;
			defaultConfigurationName = Release;
		};
		3AC46FE523F3F30C00269ADA /* Build configuration list for PBXNativeTarget "MemoApp" */ = {
			isa = XCConfigurationList;
			buildConfigurations = (
				3AC46FE623F3F30C00269ADA /* Debug */,
				3AC46FE723F3F30C00269ADA /* Release */,
			);
			defaultConfigurationIsVisible = 0;
			defaultConfigurationName = Release;
		};
/* End XCConfigurationList section */
	};
	rootObject = 3AC46FC923F3F30900269ADA /* Project object */;
}
